
Microsoft Visual Studio Solution File, Format Version 12.00
# Visual Studio Version 17
VisualStudioVersion = 17.7.34031.279
MinimumVisualStudioVersion = 10.0.40219.1
Project("{FAE04EC0-301F-11D3-BF4B-00C04F79EFBC}") = "Diplomski rad - s21-20", "Diplomski rad - s21-20\Diplomski rad - s21-20.csproj", "{304D4634-B863-4678-A329-AF9C0838B1B4}"
EndProject
Global
	GlobalSection(SolutionConfigurationPlatforms) = preSolution
		Debug|Any CPU = Debug|Any CPU
		Release|Any CPU = Release|Any CPU
	EndGlobalSection
	GlobalSection(ProjectConfigurationPlatforms) = postSolution
		{304D4634-B863-4678-A329-AF9C0838B1B4}.Debug|Any CPU.ActiveCfg = Debug|Any CPU
		{304D4634-B863-4678-A329-AF9C0838B1B4}.Debug|Any CPU.Build.0 = Debug|Any CPU
		{304D4634-B863-4678-A329-AF9C0838B1B4}.Release|Any CPU.ActiveCfg = Release|Any CPU
		{304D4634-B863-4678-A329-AF9C0838B1B4}.Release|Any CPU.Build.0 = Release|Any CPU
	EndGlobalSection
	GlobalSection(SolutionProperties) = preSolution
		HideSolutionNode = FALSE
	EndGlobalSection
	GlobalSection(ExtensibilityGlobals) = postSolution
		SolutionGuid = {9DEF1EE0-ADD9-4BFD-A05E-A90BB0D25723}
	EndGlobalSection
EndGlobal
